
Microsoft Visual Studio Solution File, Format Version 12.00
# Visual Studio Version 17
VisualStudioVersion = 17.14.36518.9 d17.14
MinimumVisualStudioVersion = 10.0.40219.1
Project("{8BC9CEB8-8B4A-11D0-8D11-00A0C91BC942}") = "16zad", "16zad\16zad.vcxproj", "{2CE3D3D5-0D73-451B-8E73-71DB6BCE239B}"
EndProject
Global
	GlobalSection(SolutionConfigurationPlatforms) = preSolution
		Debug|x64 = Debug|x64
		Debug|x86 = Debug|x86
		Release|x64 = Release|x64
		Release|x86 = Release|x86
	EndGlobalSection
	GlobalSection(ProjectConfigurationPlatforms) = postSolution
		{2CE3D3D5-0D73-451B-8E73-71DB6BCE239B}.Debug|x64.ActiveCfg = Debug|x64
		{2CE3D3D5-0D73-451B-8E73-71DB6BCE239B}.Debug|x64.Build.0 = Debug|x64
		{2CE3D3D5-0D73-451B-8E73-71DB6BCE239B}.Debug|x86.ActiveCfg = Debug|Win32
		{2CE3D3D5-0D73-451B-8E73-71DB6BCE239B}.Debug|x86.Build.0 = Debug|Win32
		{2CE3D3D5-0D73-451B-8E73-71DB6BCE239B}.Release|x64.ActiveCfg = Release|x64
		{2CE3D3D5-0D73-451B-8E73-71DB6BCE239B}.Release|x64.Build.0 = Release|x64
		{2CE3D3D5-0D73-451B-8E73-71DB6BCE239B}.Release|x86.ActiveCfg = Release|Win32
		{2CE3D3D5-0D73-451B-8E73-71DB6BCE239B}.Release|x86.Build.0 = Release|Win32
	EndGlobalSection
	GlobalSection(SolutionProperties) = preSolution
		HideSolutionNode = FALSE
	EndGlobalSection
	GlobalSection(ExtensibilityGlobals) = postSolution
		SolutionGuid = {09A7B6B8-B3FC-4A80-8A18-C0B50880403C}
	EndGlobalSection
EndGlobal
